dependencies:
- name: keycloak
  repository: file://./charts/keycloak
  version: 0.1.0
- name: postgresql
  repository: oci://registry-1.docker.io/bitnamicharts
  version: 12.12.10
- name: exchange
  repository: file://./charts/exchange
  version: 0.1.0
- name: exchange-generator
  repository: file://./charts/exchange-generator
  version: 0.1.0
digest: sha256:3fd6fcd645d967b4fbacd37e6ff99ab70aa99205aa4b8fc2d3eda35d33e69d0b
generated: "2025-10-12T12:07:24.713311+03:00"
