dependencies:
- name: keycloak
  repository: file://./charts/keycloak
  version: 0.1.0
- name: postgresql
  repository: oci://registry-1.docker.io/bitnamicharts
  version: 12.12.10
- name: exchange
  repository: file://./charts/exchange
  version: 0.1.0
- name: exchange-generator
  repository: file://./charts/exchange-generator
  version: 0.1.0
- name: zipkin
  repository: https://openzipkin.github.io/zipkin-helm
  version: 0.3.4
- name: prometheus
  repository: file://./charts/prometheus
  version: 0.1.0
- name: grafana
  repository: https://grafana.github.io/helm-charts
  version: 6.59.4
digest: sha256:5076a26eca2627437ee51d4ae462cb457745395d8f95f50e7f55d9a18db1d661
generated: "2025-10-12T16:05:01.466692+03:00"
